hash: f01a1f46335fcdf82f4ddcfc3de242943bf1b7bcd8078203b5a90eea3524af95
updated: 2017-08-23T22:09:50.261512111+08:00
imports:
- name: github.com/appleboy/gin-jwt
  version: f7347d7c16fc8297bf5b7215b9e4847a5ca05d90
- name: github.com/fsouza/go-dockerclient
  version: 75772940379e725b5aae213e570f9dcd751951cb
- name: github.com/gin-gonic/gin
  version: d459835d2b077e44f7c9b453505ee29881d5d12d
- name: github.com/gorilla/websocket
  version: ea4d1f681babbce9545c9c5f3d5194a789c89f5b
- name: github.com/jinzhu/gorm
  version: 5174cc5c242a728b435ea2be8a2f7f998e15429b
testImports: []
